
Microsoft Visual Studio Solution File, Format Version 12.00
# Visual Studio Version 17
VisualStudioVersion = 17.3.32901.215
MinimumVisualStudioVersion = 10.0.40219.1
Project("{FAE04EC0-301F-11D3-BF4B-00C04F79EFBC}") = "P2_2_1214060", "P2_2_1214060\P2_2_1214060.csproj", "{8C8E993F-B159-4768-A33C-C80A4EB87D79}"
EndProject
Global
	GlobalSection(SolutionConfigurationPlatforms) = preSolution
		Debug|Any CPU = Debug|Any CPU
		Release|Any CPU = Release|Any CPU
	EndGlobalSection
	GlobalSection(ProjectConfigurationPlatforms) = postSolution
		{8C8E993F-B159-4768-A33C-C80A4EB87D79}.Debug|Any CPU.ActiveCfg = Debug|Any CPU
		{8C8E993F-B159-4768-A33C-C80A4EB87D79}.Debug|Any CPU.Build.0 = Debug|Any CPU
		{8C8E993F-B159-4768-A33C-C80A4EB87D79}.Release|Any CPU.ActiveCfg = Release|Any CPU
		{8C8E993F-B159-4768-A33C-C80A4EB87D79}.Release|Any CPU.Build.0 = Release|Any CPU
	EndGlobalSection
	GlobalSection(SolutionProperties) = preSolution
		HideSolutionNode = FALSE
	EndGlobalSection
	GlobalSection(ExtensibilityGlobals) = postSolution
		SolutionGuid = {E510452D-7411-47C6-93A7-FDEDF37907E7}
	EndGlobalSection
EndGlobal
